
Microsoft Visual Studio Solution File, Format Version 12.00
# Visual Studio 15
VisualStudioVersion = 15.0.28307.1169
MinimumVisualStudioVersion = 10.0.40219.1
Project("{9A19103F-16F7-4668-BE54-9A1E7A4F7556}") = "Timer", "Timer\Timer.csproj", "{37485631-6D2F-4677-A0A4-08CDD1315A1C}"
EndProject
Project("{9A19103F-16F7-4668-BE54-9A1E7A4F7556}") = "ConsoleTimer", "ConsoleTimer\ConsoleTimer.csproj", "{33E7E108-39CE-4C7B-821C-4C1C050706EC}"
EndProject
Project("{FAE04EC0-301F-11D3-BF4B-00C04F79EFBC}") = "WebTimer", "WebTimer\WebTimer.csproj", "{D530EC62-E1A7-4316-A89E-A1A71C7E3035}"
EndProject
Global
	GlobalSection(SolutionConfigurationPlatforms) = preSolution
		Debug|Any CPU = Debug|Any CPU
		Release|Any CPU = Release|Any CPU
	EndGlobalSection
	GlobalSection(ProjectConfigurationPlatforms) = postSolution
		{37485631-6D2F-4677-A0A4-08CDD1315A1C}.Debug|Any CPU.ActiveCfg = Debug|Any CPU
		{37485631-6D2F-4677-A0A4-08CDD1315A1C}.Debug|Any CPU.Build.0 = Debug|Any CPU
		{37485631-6D2F-4677-A0A4-08CDD1315A1C}.Release|Any CPU.ActiveCfg = Release|Any CPU
		{37485631-6D2F-4677-A0A4-08CDD1315A1C}.Release|Any CPU.Build.0 = Release|Any CPU
		{33E7E108-39CE-4C7B-821C-4C1C050706EC}.Debug|Any CPU.ActiveCfg = Debug|Any CPU
		{33E7E108-39CE-4C7B-821C-4C1C050706EC}.Debug|Any CPU.Build.0 = Debug|Any CPU
		{33E7E108-39CE-4C7B-821C-4C1C050706EC}.Release|Any CPU.ActiveCfg = Release|Any CPU
		{33E7E108-39CE-4C7B-821C-4C1C050706EC}.Release|Any CPU.Build.0 = Release|Any CPU
		{D530EC62-E1A7-4316-A89E-A1A71C7E3035}.Debug|Any CPU.ActiveCfg = Debug|Any CPU
		{D530EC62-E1A7-4316-A89E-A1A71C7E3035}.Debug|Any CPU.Build.0 = Debug|Any CPU
		{D530EC62-E1A7-4316-A89E-A1A71C7E3035}.Release|Any CPU.ActiveCfg = Release|Any CPU
		{D530EC62-E1A7-4316-A89E-A1A71C7E3035}.Release|Any CPU.Build.0 = Release|Any CPU
	EndGlobalSection
	GlobalSection(SolutionProperties) = preSolution
		HideSolutionNode = FALSE
	EndGlobalSection
	GlobalSection(ExtensibilityGlobals) = postSolution
		SolutionGuid = {06A27F3A-7240-42E8-BB58-B6E5B551D750}
	EndGlobalSection
EndGlobal
